{
  "version": 4,
  "terraform_version": "1.14.0",
  "serial": 8,
  "lineage": "2b2a7405-e4ab-81bb-e59a-20f1f68d18cf",
  "outputs": {},
  "resources": [
    {
      "mode": "managed",
      "type": "azurerm_linux_virtual_machine",
      "name": "main",
      "provider": "provider[\"registry.terraform.io/hashicorp/azurerm\"]",
      "instances": [
        {
          "schema_version": 0,
          "attributes": {
            "additional_capabilities": [],
            "admin_password": null,
            "admin_ssh_key": [
              {
                "public_key": "ssh-rsa AAAAB3NzaC1yc2EAAAADAQABAAABAQDk1mdfzZa6rch9UwbQaot+620M6k1ATYPw/WFy8RTIKSVtcLJaY/wnq4uDcRdRNic3FFgji/X3h5do5Ev7ZI5lVXeD5RlzHOC8l1fDjN82pKgTD6zYVlw3KOX2YvVVD3XTfVToEFVOl4n61BhlAQaXN6t0H8w9hcSXSWNd9bDcK2EzOXrvRHwaTBDlQ1RwnBAv82VIgRhQ5Mj5gtqSdrRCUV+GnwGC5Rjn421UP4Yf1KCBO0TvkRBKmXgMLf2K21/nIM/lJKhaMuaZoHqFHZwEZ6TmAlIu/qCcu1w4Tdr9bO2E3vOHwQnIigjbu7PlYpgOkmcHLVAJZfM4cyFu7pfb",
                "username": "azureuser"
              }
            ],
            "admin_username": "azureuser",
            "allow_extension_operations": true,
            "availability_set_id": "",
            "boot_diagnostics": [],
            "bypass_platform_safety_checks_on_user_schedule_enabled": false,
            "capacity_reservation_group_id": "",
            "computer_name": "terraform-vm-01",
            "custom_data": null,
            "dedicated_host_group_id": "",
            "dedicated_host_id": "",
            "disable_password_authentication": true,
            "disk_controller_type": "SCSI",
            "edge_zone": "",
            "encryption_at_host_enabled": false,
            "eviction_policy": "",
            "extensions_time_budget": "PT1H30M",
            "gallery_application": [],
            "id": "/subscriptions/4164e4f7-8365-48f6-bb5a-3d896da4934b/resourceGroups/terraform-lab-rg/providers/Microsoft.Compute/virtualMachines/terraform-vm-01",
            "identity": [],
            "license_type": "",
            "location": "eastus",
            "max_bid_price": -1,
            "name": "terraform-vm-01",
            "network_interface_ids": [
              "/subscriptions/4164e4f7-8365-48f6-bb5a-3d896da4934b/resourceGroups/terraform-lab-rg/providers/Microsoft.Network/networkInterfaces/terraform-vm-nic"
            ],
            "os_disk": [
              {
                "caching": "ReadWrite",
                "diff_disk_settings": [],
                "disk_encryption_set_id": "",
                "disk_size_gb": 30,
                "id": "/subscriptions/4164e4f7-8365-48f6-bb5a-3d896da4934b/resourceGroups/terraform-lab-rg/providers/Microsoft.Compute/disks/terraform-vm-01_disk1_f777c8e0a860491ea9ccb9d8855ad730",
                "name": "terraform-vm-01_disk1_f777c8e0a860491ea9ccb9d8855ad730",
                "secure_vm_disk_encryption_set_id": "",
                "security_encryption_type": "",
                "storage_account_type": "Standard_LRS",
                "write_accelerator_enabled": false
              }
            ],
            "os_image_notification": [],
            "os_managed_disk_id": "/subscriptions/4164e4f7-8365-48f6-bb5a-3d896da4934b/resourceGroups/terraform-lab-rg/providers/Microsoft.Compute/disks/terraform-vm-01_disk1_f777c8e0a860491ea9ccb9d8855ad730",
            "patch_assessment_mode": "ImageDefault",
            "patch_mode": "ImageDefault",
            "plan": [],
            "platform_fault_domain": -1,
            "priority": "Regular",
            "private_ip_address": "10.0.0.4",
            "private_ip_addresses": [
              "10.0.0.4"
            ],
            "provision_vm_agent": true,
            "proximity_placement_group_id": "",
            "public_ip_address": "172.191.115.129",
            "public_ip_addresses": [
              "172.191.115.129"
            ],
            "reboot_setting": "",
            "resource_group_name": "terraform-lab-rg",
            "secret": [],
            "secure_boot_enabled": false,
            "size": "Standard_B1s",
            "source_image_id": "",
            "source_image_reference": [
              {
                "offer": "0001-com-ubuntu-server-jammy",
                "publisher": "Canonical",
                "sku": "22_04-lts-gen2",
                "version": "latest"
              }
            ],
            "tags": {},
            "termination_notification": [],
            "timeouts": null,
            "user_data": "",
            "virtual_machine_id": "ec49dc0a-5b57-4e79-aa6b-45e192fdebed",
            "virtual_machine_scale_set_id": "",
            "vm_agent_platform_updates_enabled": false,
            "vtpm_enabled": false,
            "zone": ""
          },
          "sensitive_attributes": [
            [
              {
                "type": "get_attr",
                "value": "admin_password"
              }
            ],
            [
              {
                "type": "get_attr",
                "value": "custom_data"
              }
            ]
          ],
          "identity_schema_version": 0,
          "private": "eyJlMmJmYjczMC1lY2FhLTExZTYtOGY4OC0zNDM2M2JjN2M0YzAiOnsiY3JlYXRlIjoyNzAwMDAwMDAwMDAwLCJkZWxldGUiOjI3MDAwMDAwMDAwMDAsInJlYWQiOjMwMDAwMDAwMDAwMCwidXBkYXRlIjoyNzAwMDAwMDAwMDAwfX0=",
          "dependencies": [
            "azurerm_network_interface.main",
            "azurerm_public_ip.main",
            "azurerm_resource_group.main",
            "azurerm_subnet.main",
            "azurerm_virtual_network.main"
          ]
        }
      ]
    },
    {
      "mode": "managed",
      "type": "azurerm_network_interface",
      "name": "main",
      "provider": "provider[\"registry.terraform.io/hashicorp/azurerm\"]",
      "instances": [
        {
          "schema_version": 0,
          "attributes": {
            "accelerated_networking_enabled": false,
            "applied_dns_servers": [],
            "auxiliary_mode": "",
            "auxiliary_sku": "",
            "dns_servers": [],
            "edge_zone": "",
            "id": "/subscriptions/4164e4f7-8365-48f6-bb5a-3d896da4934b/resourceGroups/terraform-lab-rg/providers/Microsoft.Network/networkInterfaces/terraform-vm-nic",
            "internal_dns_name_label": "",
            "internal_domain_name_suffix": "ckrwjzgsmgoutfa5xr5doexwge.bx.internal.cloudapp.net",
            "ip_configuration": [
              {
                "gateway_load_balancer_frontend_ip_configuration_id": "",
                "name": "internal",
                "primary": true,
                "private_ip_address": "10.0.0.4",
                "private_ip_address_allocation": "Dynamic",
                "private_ip_address_version": "IPv4",
                "public_ip_address_id": "/subscriptions/4164e4f7-8365-48f6-bb5a-3d896da4934b/resourceGroups/terraform-lab-rg/providers/Microsoft.Network/publicIPAddresses/terraform-vm-ip",
                "subnet_id": "/subscriptions/4164e4f7-8365-48f6-bb5a-3d896da4934b/resourceGroups/terraform-lab-rg/providers/Microsoft.Network/virtualNetworks/terraform-vnet/subnets/default"
              }
            ],
            "ip_forwarding_enabled": false,
            "location": "eastus",
            "mac_address": "7C-1E-52-0C-A6-83",
            "name": "terraform-vm-nic",
            "private_ip_address": "10.0.0.4",
            "private_ip_addresses": [
              "10.0.0.4"
            ],
            "resource_group_name": "terraform-lab-rg",
            "tags": {},
            "timeouts": null,
            "virtual_machine_id": "/subscriptions/4164e4f7-8365-48f6-bb5a-3d896da4934b/resourceGroups/terraform-lab-rg/providers/Microsoft.Compute/virtualMachines/terraform-vm-01"
          },
          "sensitive_attributes": [],
          "identity_schema_version": 0,
          "identity": {
            "name": "terraform-vm-nic",
            "resource_group_name": "terraform-lab-rg",
            "subscription_id": "4164e4f7-8365-48f6-bb5a-3d896da4934b"
          },
          "private": "eyJlMmJmYjczMC1lY2FhLTExZTYtOGY4OC0zNDM2M2JjN2M0YzAiOnsiY3JlYXRlIjoxODAwMDAwMDAwMDAwLCJkZWxldGUiOjE4MDAwMDAwMDAwMDAsInJlYWQiOjMwMDAwMDAwMDAwMCwidXBkYXRlIjoxODAwMDAwMDAwMDAwfX0=",
          "dependencies": [
            "azurerm_public_ip.main",
            "azurerm_resource_group.main",
            "azurerm_subnet.main",
            "azurerm_virtual_network.main"
          ]
        }
      ]
    },
    {
      "mode": "managed",
      "type": "azurerm_public_ip",
      "name": "main",
      "provider": "provider[\"registry.terraform.io/hashicorp/azurerm\"]",
      "instances": [
        {
          "schema_version": 0,
          "attributes": {
            "allocation_method": "Static",
            "ddos_protection_mode": "VirtualNetworkInherited",
            "ddos_protection_plan_id": null,
            "domain_name_label": null,
            "domain_name_label_scope": null,
            "edge_zone": "",
            "fqdn": null,
            "id": "/subscriptions/4164e4f7-8365-48f6-bb5a-3d896da4934b/resourceGroups/terraform-lab-rg/providers/Microsoft.Network/publicIPAddresses/terraform-vm-ip",
            "idle_timeout_in_minutes": 4,
            "ip_address": "172.191.115.129",
            "ip_tags": {},
            "ip_version": "IPv4",
            "location": "eastus",
            "name": "terraform-vm-ip",
            "public_ip_prefix_id": null,
            "resource_group_name": "terraform-lab-rg",
            "reverse_fqdn": null,
            "sku": "Standard",
            "sku_tier": "Regional",
            "tags": {},
            "timeouts": null,
            "zones": []
          },
          "sensitive_attributes": [],
          "identity_schema_version": 0,
          "private": "eyJlMmJmYjczMC1lY2FhLTExZTYtOGY4OC0zNDM2M2JjN2M0YzAiOnsiY3JlYXRlIjoxODAwMDAwMDAwMDAwLCJkZWxldGUiOjE4MDAwMDAwMDAwMDAsInJlYWQiOjMwMDAwMDAwMDAwMCwidXBkYXRlIjoxODAwMDAwMDAwMDAwfX0=",
          "dependencies": [
            "azurerm_resource_group.main"
          ]
        }
      ]
    },
    {
      "mode": "managed",
      "type": "azurerm_resource_group",
      "name": "main",
      "provider": "provider[\"registry.terraform.io/hashicorp/azurerm\"]",
      "instances": [
        {
          "schema_version": 0,
          "attributes": {
            "id": "/subscriptions/4164e4f7-8365-48f6-bb5a-3d896da4934b/resourceGroups/terraform-lab-rg",
            "location": "eastus",
            "managed_by": "",
            "name": "terraform-lab-rg",
            "tags": {},
            "timeouts": null
          },
          "sensitive_attributes": [],
          "identity_schema_version": 0,
          "identity": {
            "name": "terraform-lab-rg",
            "subscription_id": "4164e4f7-8365-48f6-bb5a-3d896da4934b"
          },
          "private": "eyJlMmJmYjczMC1lY2FhLTExZTYtOGY4OC0zNDM2M2JjN2M0YzAiOnsiY3JlYXRlIjo1NDAwMDAwMDAwMDAwLCJkZWxldGUiOjU0MDAwMDAwMDAwMDAsInJlYWQiOjMwMDAwMDAwMDAwMCwidXBkYXRlIjo1NDAwMDAwMDAwMDAwfX0="
        }
      ]
    },
    {
      "mode": "managed",
      "type": "azurerm_subnet",
      "name": "main",
      "provider": "provider[\"registry.terraform.io/hashicorp/azurerm\"]",
      "instances": [
        {
          "schema_version": 0,
          "attributes": {
            "address_prefixes": [
              "10.0.0.0/24"
            ],
            "default_outbound_access_enabled": true,
            "delegation": [],
            "id": "/subscriptions/4164e4f7-8365-48f6-bb5a-3d896da4934b/resourceGroups/terraform-lab-rg/providers/Microsoft.Network/virtualNetworks/terraform-vnet/subnets/default",
            "ip_address_pool": [],
            "name": "default",
            "private_endpoint_network_policies": "Disabled",
            "private_link_service_network_policies_enabled": true,
            "resource_group_name": "terraform-lab-rg",
            "service_endpoint_policy_ids": [],
            "service_endpoints": [],
            "sharing_scope": "",
            "timeouts": null,
            "virtual_network_name": "terraform-vnet"
          },
          "sensitive_attributes": [],
          "identity_schema_version": 0,
          "identity": {
            "name": "default",
            "resource_group_name": "terraform-lab-rg",
            "subscription_id": "4164e4f7-8365-48f6-bb5a-3d896da4934b",
            "virtual_network_name": "terraform-vnet"
          },
          "private": "eyJlMmJmYjczMC1lY2FhLTExZTYtOGY4OC0zNDM2M2JjN2M0YzAiOnsiY3JlYXRlIjoxODAwMDAwMDAwMDAwLCJkZWxldGUiOjE4MDAwMDAwMDAwMDAsInJlYWQiOjMwMDAwMDAwMDAwMCwidXBkYXRlIjoxODAwMDAwMDAwMDAwfX0=",
          "dependencies": [
            "azurerm_resource_group.main",
            "azurerm_virtual_network.main"
          ]
        }
      ]
    },
    {
      "mode": "managed",
      "type": "azurerm_virtual_network",
      "name": "main",
      "provider": "provider[\"registry.terraform.io/hashicorp/azurerm\"]",
      "instances": [
        {
          "schema_version": 0,
          "attributes": {
            "address_space": [
              "10.0.0.0/16"
            ],
            "bgp_community": "",
            "ddos_protection_plan": [],
            "dns_servers": [],
            "edge_zone": "",
            "encryption": [],
            "flow_timeout_in_minutes": 0,
            "guid": "e464a312-61d2-499d-941f-bc7e3712f634",
            "id": "/subscriptions/4164e4f7-8365-48f6-bb5a-3d896da4934b/resourceGroups/terraform-lab-rg/providers/Microsoft.Network/virtualNetworks/terraform-vnet",
            "ip_address_pool": [],
            "location": "eastus",
            "name": "terraform-vnet",
            "private_endpoint_vnet_policies": "Disabled",
            "resource_group_name": "terraform-lab-rg",
            "subnet": [
              {
                "address_prefixes": [
                  "10.0.0.0/24"
                ],
                "default_outbound_access_enabled": true,
                "delegation": [],
                "id": "/subscriptions/4164e4f7-8365-48f6-bb5a-3d896da4934b/resourceGroups/terraform-lab-rg/providers/Microsoft.Network/virtualNetworks/terraform-vnet/subnets/default",
                "name": "default",
                "private_endpoint_network_policies": "Disabled",
                "private_link_service_network_policies_enabled": true,
                "route_table_id": "",
                "security_group": "",
                "service_endpoint_policy_ids": [],
                "service_endpoints": []
              }
            ],
            "tags": {},
            "timeouts": null
          },
          "sensitive_attributes": [],
          "identity_schema_version": 0,
          "identity": {
            "name": "terraform-vnet",
            "resource_group_name": "terraform-lab-rg",
            "subscription_id": "4164e4f7-8365-48f6-bb5a-3d896da4934b"
          },
          "private": "eyJlMmJmYjczMC1lY2FhLTExZTYtOGY4OC0zNDM2M2JjN2M0YzAiOnsiY3JlYXRlIjoxODAwMDAwMDAwMDAwLCJkZWxldGUiOjE4MDAwMDAwMDAwMDAsInJlYWQiOjMwMDAwMDAwMDAwMCwidXBkYXRlIjoxODAwMDAwMDAwMDAwfX0=",
          "dependencies": [
            "azurerm_resource_group.main"
          ]
        }
      ]
    }
  ],
  "check_results": null
}
